
Microsoft Visual Studio Solution File, Format Version 12.00
# Visual Studio 15
Project("{FAE04EC0-301F-11D3-BF4B-00C04F79EFBC}") = "AspNetCRUD", "AspNetCRUD.csproj", "{6E214264-9DE0-4B5C-B3C1-58851522DAFB}"
EndProject
Project("{FAE04EC0-301F-11D3-BF4B-00C04F79EFBC}") = "AspNetCRUD.Tests", "AspNetCRUD.Tests\AspNetCRUD.Tests.csproj", "{58FAB9A6-A66C-46B5-9CEF-E59A9456C47A}"
EndProject
Global
	GlobalSection(SolutionConfigurationPlatforms) = preSolution
		Debug|Any CPU = Debug|Any CPU
		Release|Any CPU = Release|Any CPU
	EndGlobalSection
	GlobalSection(ProjectConfigurationPlatforms) = postSolution
		{6E214264-9DE0-4B5C-B3C1-58851522DAFB}.Debug|Any CPU.ActiveCfg = Debug|Any CPU
		{6E214264-9DE0-4B5C-B3C1-58851522DAFB}.Debug|Any CPU.Build.0 = Debug|Any CPU
		{6E214264-9DE0-4B5C-B3C1-58851522DAFB}.Release|Any CPU.ActiveCfg = Release|Any CPU
		{6E214264-9DE0-4B5C-B3C1-58851522DAFB}.Release|Any CPU.Build.0 = Release|Any CPU
		{58FAB9A6-A66C-46B5-9CEF-E59A9456C47A}.Debug|Any CPU.ActiveCfg = Debug|Any CPU
		{58FAB9A6-A66C-46B5-9CEF-E59A9456C47A}.Debug|Any CPU.Build.0 = Debug|Any CPU
		{58FAB9A6-A66C-46B5-9CEF-E59A9456C47A}.Release|Any CPU.ActiveCfg = Release|Any CPU
		{58FAB9A6-A66C-46B5-9CEF-E59A9456C47A}.Release|Any CPU.Build.0 = Release|Any CPU
	EndGlobalSection
EndGlobal
